
Microsoft Visual Studio Solution File, Format Version 12.00
# Visual Studio Version 17
VisualStudioVersion = 17.9.34622.214
MinimumVisualStudioVersion = 10.0.40219.1
Project("{FAE04EC0-301F-11D3-BF4B-00C04F79EFBC}") = "MatchGame", "MatchGame\MatchGame.csproj", "{C699402B-DB94-45ED-8660-A7D777BA8190}"
EndProject
Global
	GlobalSection(SolutionConfigurationPlatforms) = preSolution
		Debug|Any CPU = Debug|Any CPU
		Release|Any CPU = Release|Any CPU
	EndGlobalSection
	GlobalSection(ProjectConfigurationPlatforms) = postSolution
		{C699402B-DB94-45ED-8660-A7D777BA8190}.Debug|Any CPU.ActiveCfg = Debug|Any CPU
		{C699402B-DB94-45ED-8660-A7D777BA8190}.Debug|Any CPU.Build.0 = Debug|Any CPU
		{C699402B-DB94-45ED-8660-A7D777BA8190}.Release|Any CPU.ActiveCfg = Release|Any CPU
		{C699402B-DB94-45ED-8660-A7D777BA8190}.Release|Any CPU.Build.0 = Release|Any CPU
	EndGlobalSection
	GlobalSection(SolutionProperties) = preSolution
		HideSolutionNode = FALSE
	EndGlobalSection
	GlobalSection(ExtensibilityGlobals) = postSolution
		SolutionGuid = {7572BD66-6E5E-4D76-B3A9-BF6DD27906E1}
	EndGlobalSection
EndGlobal
